<Solution>
  <Folder Name="/src/">
    <Project Path="src/Mesh.App/Mesh.App.csproj" />
    <Project Path="src/Mesh.Relay/Mesh.Relay.csproj" />
    <Project Path="src/Mesh.Shared/Mesh.Shared.csproj" />
  </Folder>
  <Folder Name="/tests/">
    <Project Path="tests/Mesh.App.Tests/Mesh.App.Tests.csproj" />
  </Folder>
</Solution>
